// !$*UTF8*$!
{
	archiveVersion = 1;
	classes = {
	};
	objectVersion = 50;
	objects = {

/* Begin PBXBuildFile section */
		B426939E23FDD590002FFF76 /* AppDelegate.swift in Sources */ = {isa = PBXBuildFile; fileRef = B426939D23FDD590002FFF76 /* AppDelegate.swift */; };
		B42693A023FDD590002FFF76 /* SceneDelegate.swift in Sources */ = {isa = PBXBuildFile; fileRef = B426939F23FDD590002FFF76 /* SceneDelegate.swift */; };
		B42693A223FDD590002FFF76 /* ContentView.swift in Sources */ = {isa = PBXBuildFile; fileRef = B42693A123FDD590002FFF76 /* ContentView.swift */; };
		B42693A423FDD595002FFF76 /* Assets.xcassets in Resources */ = {isa = PBXBuildFile; fileRef = B42693A323FDD595002FFF76 /* Assets.xcassets */; };
		B42693A723FDD595002FFF76 /* Preview Assets.xcassets in Resources */ = {isa = PBXBuildFile; fileRef = B42693A623FDD595002FFF76 /* Preview Assets.xcassets */; };
		B42693AA23FDD595002FFF76 /* LaunchScreen.storyboard in Resources */ = {isa = PBXBuildFile; fileRef = B42693A823FDD595002FFF76 /* LaunchScreen.storyboard */; };
		B42693B523FDD595002FFF76 /* Run_Pace_CalculatorTests.swift in Sources */ = {isa = PBXBuildFile; fileRef = B42693B423FDD595002FFF76 /* Run_Pace_CalculatorTests.swift */; };
		B42693C023FDD595002FFF76 /* Run_Pace_CalculatorUITests.swift in Sources */ = {isa = PBXBuildFile; fileRef = B42693BF23FDD595002FFF76 /* Run_Pace_CalculatorUITests.swift */; };
		B42693CE23FDD9FE002FFF76 /* PaceUIView.swift in Sources */ = {isa = PBXBuildFile; fileRef = B42693CD23FDD9FE002FFF76 /* PaceUIView.swift */; };
		B42693D023FDE453002FFF76 /* UnitConverterUIView.swift in Sources */ = {isa = PBXBuildFile; fileRef = B42693CF23FDE453002FFF76 /* UnitConverterUIView.swift */; };
		B42693D223FDE787002FFF76 /* CardViewUIView.swift in Sources */ = {isa = PBXBuildFile; fileRef = B42693D123FDE787002FFF76 /* CardViewUIView.swift */; };
		B49AA87E2409FD1D00884B5A /* GridStack.swift in Sources */ = {isa = PBXBuildFile; fileRef = B49AA87D2409FD1D00884B5A /* GridStack.swift */; };
		B4F484C0243728CD003D01DD /* PacePickerUIView.swift in Sources */ = {isa = PBXBuildFile; fileRef = B4F484BF243728CD003D01DD /* PacePickerUIView.swift */; };
/* End PBXBuildFile section */

/* Begin PBXContainerItemProxy section */
		B42693B123FDD595002FFF76 /* PBXContainerItemProxy */ = {
			isa = PBXContainerItemProxy;
			containerPortal = B426939223FDD590002FFF76 /* Project object */;
			proxyType = 1;
			remoteGlobalIDString = B426939923FDD590002FFF76;
			remoteInfo = "Run Pace Calculator";
		};
		B42693BC23FDD595002FFF76 /* PBXContainerItemProxy */ = {
			isa = PBXContainerItemProxy;
			containerPortal = B426939223FDD590002FFF76 /* Project object */;
			proxyType = 1;
			remoteGlobalIDString = B426939923FDD590002FFF76;
			remoteInfo = "Run Pace Calculator";
		};
/* End PBXContainerItemProxy section */

/* Begin PBXFileReference section */
		B426939A23FDD590002FFF76 /* Run Pace Calculator.app */ = {isa = PBXFileReference; explicitFileType = wrapper.application; includeInIndex = 0; path = "Run Pace Calculator.app"; sourceTree = BUILT_PRODUCTS_DIR; };
		B426939D23FDD590002FFF76 /* AppDelegate.swift */ = {isa = PBXFileReference; lastKnownFileType = sourcecode.swift; path = AppDelegate.swift; sourceTree = "<group>"; };
		B426939F23FDD590002FFF76 /* SceneDelegate.swift */ = {isa = PBXFileReference; lastKnownFileType = sourcecode.swift; path = SceneDelegate.swift; sourceTree = "<group>"; };
		B42693A123FDD590002FFF76 /* ContentView.swift */ = {isa = PBXFileReference; lastKnownFileType = sourcecode.swift; path = ContentView.swift; sourceTree = "<group>"; };
		B42693A323FDD595002FFF76 /* Assets.xcassets */ = {isa = PBXFileReference; lastKnownFileType = folder.assetcatalog; path = Assets.xcassets; sourceTree = "<group>"; };
		B42693A623FDD595002FFF76 /* Preview Assets.xcassets */ = {isa = PBXFileReference; lastKnownFileType = folder.assetcatalog; path = "Preview Assets.xcassets"; sourceTree = "<group>"; };
		B42693A923FDD595002FFF76 /* Base */ = {isa = PBXFileReference; lastKnownFileType = file.storyboard; name = Base; path = Base.lproj/LaunchScreen.storyboard; sourceTree = "<group>"; };
		B42693AB23FDD595002FFF76 /* Info.plist */ = {isa = PBXFileReference; lastKnownFileType = text.plist.xml; path = Info.plist; sourceTree = "<group>"; };
		B42693B023FDD595002FFF76 /* Run Pace CalculatorTests.xctest */ = {isa = PBXFileReference; explicitFileType = wrapper.cfbundle; includeInIndex = 0; path = "Run Pace CalculatorTests.xctest"; sourceTree = BUILT_PRODUCTS_DIR; };
		B42693B423FDD595002FFF76 /* Run_Pace_CalculatorTests.swift */ = {isa = PBXFileReference; lastKnownFileType = sourcecode.swift; path = Run_Pace_CalculatorTests.swift; sourceTree = "<group>"; };
		B42693B623FDD595002FFF76 /* Info.plist */ = {isa = PBXFileReference; lastKnownFileType = text.plist.xml; path = Info.plist; sourceTree = "<group>"; };
		B42693BB23FDD595002FFF76 /* Run Pace CalculatorUITests.xctest */ = {isa = PBXFileReference; explicitFileType = wrapper.cfbundle; includeInIndex = 0; path = "Run Pace CalculatorUITests.xctest"; sourceTree = BUILT_PRODUCTS_DIR; };
		B42693BF23FDD595002FFF76 /* Run_Pace_CalculatorUITests.swift */ = {isa = PBXFileReference; lastKnownFileType = sourcecode.swift; path = Run_Pace_CalculatorUITests.swift; sourceTree = "<group>"; };
		B42693C123FDD595002FFF76 /* Info.plist */ = {isa = PBXFileReference; lastKnownFileType = text.plist.xml; path = Info.plist; sourceTree = "<group>"; };
		B42693CD23FDD9FE002FFF76 /* PaceUIView.swift */ = {isa = PBXFileReference; lastKnownFileType = sourcecode.swift; path = PaceUIView.swift; sourceTree = "<group>"; };
		B42693CF23FDE453002FFF76 /* UnitConverterUIView.swift */ = {isa = PBXFileReference; lastKnownFileType = sourcecode.swift; path = UnitConverterUIView.swift; sourceTree = "<group>"; };
		B42693D123FDE787002FFF76 /* CardViewUIView.swift */ = {isa = PBXFileReference; lastKnownFileType = sourcecode.swift; path = CardViewUIView.swift; sourceTree = "<group>"; };
		B49AA87D2409FD1D00884B5A /* GridStack.swift */ = {isa = PBXFileReference; lastKnownFileType = sourcecode.swift; path = GridStack.swift; sourceTree = "<group>"; };
		B4F484BF243728CD003D01DD /* PacePickerUIView.swift */ = {isa = PBXFileReference; lastKnownFileType = sourcecode.swift; path = PacePickerUIView.swift; sourceTree = "<group>"; };
/* End PBXFileReference section */

/* Begin PBXFrameworksBuildPhase section */
		B426939723FDD590002FFF76 /* Frameworks */ = {
			isa = PBXFrameworksBuildPhase;
			buildActionMask = 2147483647;
			files = (
			);
			runOnlyForDeploymentPostprocessing = 0;
		};
		B42693AD23FDD595002FFF76 /* Frameworks */ = {
			isa = PBXFrameworksBuildPhase;
			buildActionMask = 2147483647;
			files = (
			);
			runOnlyForDeploymentPostprocessing = 0;
		};
		B42693B823FDD595002FFF76 /* Frameworks */ = {
			isa = PBXFrameworksBuildPhase;
			buildActionMask = 2147483647;
			files = (
			);
			runOnlyForDeploymentPostprocessing = 0;
		};
/* End PBXFrameworksBuildPhase section */

/* Begin PBXGroup section */
		B426939123FDD590002FFF76 = {
			isa = PBXGroup;
			children = (
				B426939C23FDD590002FFF76 /* Run Pace Calculator */,
				B42693B323FDD595002FFF76 /* Run Pace CalculatorTests */,
				B42693BE23FDD595002FFF76 /* Run Pace CalculatorUITests */,
				B426939B23FDD590002FFF76 /* Products */,
			);
			sourceTree = "<group>";
		};
		B426939B23FDD590002FFF76 /* Products */ = {
			isa = PBXGroup;
			children = (
				B426939A23FDD590002FFF76 /* Run Pace Calculator.app */,
				B42693B023FDD595002FFF76 /* Run Pace CalculatorTests.xctest */,
				B42693BB23FDD595002FFF76 /* Run Pace CalculatorUITests.xctest */,
			);
			name = Products;
			sourceTree = "<group>";
		};
		B426939C23FDD590002FFF76 /* Run Pace Calculator */ = {
			isa = PBXGroup;
			children = (
				B426939D23FDD590002FFF76 /* AppDelegate.swift */,
				B426939F23FDD590002FFF76 /* SceneDelegate.swift */,
				B42693A123FDD590002FFF76 /* ContentView.swift */,
				B42693A323FDD595002FFF76 /* Assets.xcassets */,
				B42693A823FDD595002FFF76 /* LaunchScreen.storyboard */,
				B42693AB23FDD595002FFF76 /* Info.plist */,
				B42693A523FDD595002FFF76 /* Preview Content */,
				B42693CD23FDD9FE002FFF76 /* PaceUIView.swift */,
				B42693CF23FDE453002FFF76 /* UnitConverterUIView.swift */,
				B42693D123FDE787002FFF76 /* CardViewUIView.swift */,
				B49AA87D2409FD1D00884B5A /* GridStack.swift */,
				B4F484BF243728CD003D01DD /* PacePickerUIView.swift */,
			);
			path = "Run Pace Calculator";
			sourceTree = "<group>";
		};
		B42693A523FDD595002FFF76 /* Preview Content */ = {
			isa = PBXGroup;
			children = (
				B42693A623FDD595002FFF76 /* Preview Assets.xcassets */,
			);
			path = "Preview Content";
			sourceTree = "<group>";
		};
		B42693B323FDD595002FFF76 /* Run Pace CalculatorTests */ = {
			isa = PBXGroup;
			children = (
				B42693B423FDD595002FFF76 /* Run_Pace_CalculatorTests.swift */,
				B42693B623FDD595002FFF76 /* Info.plist */,
			);
			path = "Run Pace CalculatorTests";
			sourceTree = "<group>";
		};
		B42693BE23FDD595002FFF76 /* Run Pace CalculatorUITests */ = {
			isa = PBXGroup;
			children = (
				B42693BF23FDD595002FFF76 /* Run_Pace_CalculatorUITests.swift */,
				B42693C123FDD595002FFF76 /* Info.plist */,
			);
			path = "Run Pace CalculatorUITests";
			sourceTree = "<group>";
		};
/* End PBXGroup section */

/* Begin PBXNativeTarget section */
		B426939923FDD590002FFF76 /* Run Pace Calculator */ = {
			isa = PBXNativeTarget;
			buildConfigurationList = B42693C423FDD595002FFF76 /* Build configuration list for PBXNativeTarget "Run Pace Calculator" */;
			buildPhases = (
				B426939623FDD590002FFF76 /* Sources */,
				B426939723FDD590002FFF76 /* Frameworks */,
				B426939823FDD590002FFF76 /* Resources */,
			);
			buildRules = (
			);
			dependencies = (
			);
			name = "Run Pace Calculator";
			productName = "Run Pace Calculator";
			productReference = B426939A23FDD590002FFF76 /* Run Pace Calculator.app */;
			productType = "com.apple.product-type.application";
		};
		B42693AF23FDD595002FFF76 /* Run Pace CalculatorTests */ = {
			isa = PBXNativeTarget;
			buildConfigurationList = B42693C723FDD595002FFF76 /* Build configuration list for PBXNativeTarget "Run Pace CalculatorTests" */;
			buildPhases = (
				B42693AC23FDD595002FFF76 /* Sources */,
				B42693AD23FDD595002FFF76 /* Frameworks */,
				B42693AE23FDD595002FFF76 /* Resources */,
			);
			buildRules = (
			);
			dependencies = (
				B42693B223FDD595002FFF76 /* PBXTargetDependency */,
			);
			name = "Run Pace CalculatorTests";
			productName = "Run Pace CalculatorTests";
			productReference = B42693B023FDD595002FFF76 /* Run Pace CalculatorTests.xctest */;
			productType = "com.apple.product-type.bundle.unit-test";
		};
		B42693BA23FDD595002FFF76 /* Run Pace CalculatorUITests */ = {
			isa = PBXNativeTarget;
			buildConfigurationList = B42693CA23FDD595002FFF76 /* Build configuration list for PBXNativeTarget "Run Pace CalculatorUITests" */;
			buildPhases = (
				B42693B723FDD595002FFF76 /* Sources */,
				B42693B823FDD595002FFF76 /* Frameworks */,
				B42693B923FDD595002FFF76 /* Resources */,
			);
			buildRules = (
			);
			dependencies = (
				B42693BD23FDD595002FFF76 /* PBXTargetDependency */,
			);
			name = "Run Pace CalculatorUITests";
			productName = "Run Pace CalculatorUITests";
			productReference = B42693BB23FDD595002FFF76 /* Run Pace CalculatorUITests.xctest */;
			productType = "com.apple.product-type.bundle.ui-testing";
		};
/* End PBXNativeTarget section */

/* Begin PBXProject section */
		B426939223FDD590002FFF76 /* Project object */ = {
			isa = PBXProject;
			attributes = {
				LastSwiftUpdateCheck = 1130;
				LastUpgradeCheck = 1130;
				ORGANIZATIONNAME = "Roney Thomas Mannoocheril";
				TargetAttributes = {
					B426939923FDD590002FFF76 = {
						CreatedOnToolsVersion = 11.3.1;
					};
					B42693AF23FDD595002FFF76 = {
						CreatedOnToolsVersion = 11.3.1;
						TestTargetID = B426939923FDD590002FFF76;
					};
					B42693BA23FDD595002FFF76 = {
						CreatedOnToolsVersion = 11.3.1;
						TestTargetID = B426939923FDD590002FFF76;
					};
				};
			};
			buildConfigurationList = B426939523FDD590002FFF76 /* Build configuration list for PBXProject "Run Pace Calculator" */;
			compatibilityVersion = "Xcode 9.3";
			developmentRegion = en;
			hasScannedForEncodings = 0;
			knownRegions = (
				en,
				Base,
			);
			mainGroup = B426939123FDD590002FFF76;
			productRefGroup = B426939B23FDD590002FFF76 /* Products */;
			projectDirPath = "";
			projectRoot = "";
			targets = (
				B426939923FDD590002FFF76 /* Run Pace Calculator */,
				B42693AF23FDD595002FFF76 /* Run Pace CalculatorTests */,
				B42693BA23FDD595002FFF76 /* Run Pace CalculatorUITests */,
			);
		};
/* End PBXProject section */

/* Begin PBXResourcesBuildPhase section */
		B426939823FDD590002FFF76 /* Resources */ = {
			isa = PBXResourcesBuildPhase;
			buildActionMask = 2147483647;
			files = (
				B42693AA23FDD595002FFF76 /* LaunchScreen.storyboard in Resources */,
				B42693A723FDD595002FFF76 /* Preview Assets.xcassets in Resources */,
				B42693A423FDD595002FFF76 /* Assets.xcassets in Resources */,
			);
			runOnlyForDeploymentPostprocessing = 0;
		};
		B42693AE23FDD595002FFF76 /* Resources */ = {
			isa = PBXResourcesBuildPhase;
			buildActionMask = 2147483647;
			files = (
			);
			runOnlyForDeploymentPostprocessing = 0;
		};
		B42693B923FDD595002FFF76 /* Resources */ = {
			isa = PBXResourcesBuildPhase;
			buildActionMask = 2147483647;
			files = (
			);
			runOnlyForDeploymentPostprocessing = 0;
		};
/* End PBXResourcesBuildPhase section */

/* Begin PBXSourcesBuildPhase section */
		B426939623FDD590002FFF76 /* Sources */ = {
			isa = PBXSourcesBuildPhase;
			buildActionMask = 2147483647;
			files = (
				B42693D023FDE453002FFF76 /* UnitConverterUIView.swift in Sources */,
				B4F484C0243728CD003D01DD /* PacePickerUIView.swift in Sources */,
				B426939E23FDD590002FFF76 /* AppDelegate.swift in Sources */,
				B42693CE23FDD9FE002FFF76 /* PaceUIView.swift in Sources */,
				B42693A023FDD590002FFF76 /* SceneDelegate.swift in Sources */,
				B49AA87E2409FD1D00884B5A /* GridStack.swift in Sources */,
				B42693A223FDD590002FFF76 /* ContentView.swift in Sources */,
				B42693D223FDE787002FFF76 /* CardViewUIView.swift in Sources */,
			);
			runOnlyForDeploymentPostprocessing = 0;
		};
		B42693AC23FDD595002FFF76 /* Sources */ = {
			isa = PBXSourcesBuildPhase;
			buildActionMask = 2147483647;
			files = (
				B42693B523FDD595002FFF76 /* Run_Pace_CalculatorTests.swift in Sources */,
			);
			runOnlyForDeploymentPostprocessing = 0;
		};
		B42693B723FDD595002FFF76 /* Sources */ = {
			isa = PBXSourcesBuildPhase;
			buildActionMask = 2147483647;
			files = (
				B42693C023FDD595002FFF76 /* Run_Pace_CalculatorUITests.swift in Sources */,
			);
			runOnlyForDeploymentPostprocessing = 0;
		};
/* End PBXSourcesBuildPhase section */

/* Begin PBXTargetDependency section */
		B42693B223FDD595002FFF76 /* PBXTargetDependency */ = {
			isa = PBXTargetDependency;
			target = B426939923FDD590002FFF76 /* Run Pace Calculator */;
			targetProxy = B42693B123FDD595002FFF76 /* PBXContainerItemProxy */;
		};
		B42693BD23FDD595002FFF76 /* PBXTargetDependency */ = {
			isa = PBXTargetDependency;
			target = B426939923FDD590002FFF76 /* Run Pace Calculator */;
			targetProxy = B42693BC23FDD595002FFF76 /* PBXContainerItemProxy */;
		};
/* End PBXTargetDependency section */

/* Begin PBXVariantGroup section */
		B42693A823FDD595002FFF76 /* LaunchScreen.storyboard */ = {
			isa = PBXVariantGroup;
			children = (
				B42693A923FDD595002FFF76 /* Base */,
			);
			name = LaunchScreen.storyboard;
			sourceTree = "<group>";
		};
/* End PBXVariantGroup section */

/* Begin XCBuildConfiguration section */
		B42693C223FDD595002FFF76 /* Debug */ = {
			isa = XCBuildConfiguration;
			buildSettings = {
				ALWAYS_SEARCH_USER_PATHS = NO;
				CLANG_ANALYZER_NONNULL = YES;
				CLANG_ANALYZER_NUMBER_OBJECT_CONVERSION = YES_AGGRESSIVE;
				CLANG_CXX_LANGUAGE_STANDARD = "gnu++14";
				CLANG_CXX_LIBRARY = "libc++";
				CLANG_ENABLE_MODULES = YES;
				CLANG_ENABLE_OBJC_ARC = YES;
				CLANG_ENABLE_OBJC_WEAK = YES;
				CLANG_WARN_BLOCK_CAPTURE_AUTORELEASING = YES;
				CLANG_WARN_BOOL_CONVERSION = YES;
				CLANG_WARN_COMMA = YES;
				CLANG_WARN_CONSTANT_CONVERSION = YES;
				CLANG_WARN_DEPRECATED_OBJC_IMPLEMENTATIONS = YES;
				CLANG_WARN_DIRECT_OBJC_ISA_USAGE = YES_ERROR;
				CLANG_WARN_DOCUMENTATION_COMMENTS = YES;
				CLANG_WARN_EMPTY_BODY = YES;
				CLANG_WARN_ENUM_CONVERSION = YES;
				CLANG_WARN_INFINITE_RECURSION = YES;
				CLANG_WARN_INT_CONVERSION = YES;
				CLANG_WARN_NON_LITERAL_NULL_CONVERSION = YES;
				CLANG_WARN_OBJC_IMPLICIT_RETAIN_SELF = YES;
				CLANG_WARN_OBJC_LITERAL_CONVERSION = YES;
				CLANG_WARN_OBJC_ROOT_CLASS = YES_ERROR;
				CLANG_WARN_RANGE_LOOP_ANALYSIS = YES;
				CLANG_WARN_STRICT_PROTOTYPES = YES;
				CLANG_WARN_SUSPICIOUS_MOVE = YES;
				CLANG_WARN_UNGUARDED_AVAILABILITY = YES_AGGRESSIVE;
				CLANG_WARN_UNREACHABLE_CODE = YES;
				CLANG_WARN__DUPLICATE_METHOD_MATCH = YES;
				COPY_PHASE_STRIP = NO;
				DEBUG_INFORMATION_FORMAT = dwarf;
				ENABLE_STRICT_OBJC_MSGSEND = YES;
				ENABLE_TESTABILITY = YES;
				GCC_C_LANGUAGE_STANDARD = gnu11;
				GCC_DYNAMIC_NO_PIC = NO;
				GCC_NO_COMMON_BLOCKS = YES;
				GCC_OPTIMIZATION_LEVEL = 0;
				GCC_PREPROCESSOR_DEFINITIONS = (
					"DEBUG=1",
					"$(inherited)",
				);
				GCC_WARN_64_TO_32_BIT_CONVERSION = YES;
				GCC_WARN_ABOUT_RETURN_TYPE = YES_ERROR;
				GCC_WARN_UNDECLARED_SELECTOR = YES;
				GCC_WARN_UNINITIALIZED_AUTOS = YES_AGGRESSIVE;
				GCC_WARN_UNUSED_FUNCTION = YES;
				GCC_WARN_UNUSED_VARIABLE = YES;
				IPHONEOS_DEPLOYMENT_TARGET = 13.2;
				MTL_ENABLE_DEBUG_INFO = INCLUDE_SOURCE;
				MTL_FAST_MATH = YES;
				ONLY_ACTIVE_ARCH = YES;
				SDKROOT = iphoneos;
				SWIFT_ACTIVE_COMPILATION_CONDITIONS = DEBUG;
				SWIFT_OPTIMIZATION_LEVEL = "-Onone";
			};
			name = Debug;
		};
		B42693C323FDD595002FFF76 /* Release */ = {
			isa = XCBuildConfiguration;
			buildSettings = {
				ALWAYS_SEARCH_USER_PATHS = NO;
				CLANG_ANALYZER_NONNULL = YES;
				CLANG_ANALYZER_NUMBER_OBJECT_CONVERSION = YES_AGGRESSIVE;
				CLANG_CXX_LANGUAGE_STANDARD = "gnu++14";
				CLANG_CXX_LIBRARY = "libc++";
				CLANG_ENABLE_MODULES = YES;
				CLANG_ENABLE_OBJC_ARC = YES;
				CLANG_ENABLE_OBJC_WEAK = YES;
				CLANG_WARN_BLOCK_CAPTURE_AUTORELEASING = YES;
				CLANG_WARN_BOOL_CONVERSION = YES;
				CLANG_WARN_COMMA = YES;
				CLANG_WARN_CONSTANT_CONVERSION = YES;
				CLANG_WARN_DEPRECATED_OBJC_IMPLEMENTATIONS = YES;
				CLANG_WARN_DIRECT_OBJC_ISA_USAGE = YES_ERROR;
				CLANG_WARN_DOCUMENTATION_COMMENTS = YES;
				CLANG_WARN_EMPTY_BODY = YES;
				CLANG_WARN_ENUM_CONVERSION = YES;
				CLANG_WARN_INFINITE_RECURSION = YES;
				CLANG_WARN_INT_CONVERSION = YES;
				CLANG_WARN_NON_LITERAL_NULL_CONVERSION = YES;
				CLANG_WARN_OBJC_IMPLICIT_RETAIN_SELF = YES;
				CLANG_WARN_OBJC_LITERAL_CONVERSION = YES;
				CLANG_WARN_OBJC_ROOT_CLASS = YES_ERROR;
				CLANG_WARN_RANGE_LOOP_ANALYSIS = YES;
				CLANG_WARN_STRICT_PROTOTYPES = YES;
				CLANG_WARN_SUSPICIOUS_MOVE = YES;
				CLANG_WARN_UNGUARDED_AVAILABILITY = YES_AGGRESSIVE;
				CLANG_WARN_UNREACHABLE_CODE = YES;
				CLANG_WARN__DUPLICATE_METHOD_MATCH = YES;
				COPY_PHASE_STRIP = NO;
				DEBUG_INFORMATION_FORMAT = "dwarf-with-dsym";
				ENABLE_NS_ASSERTIONS = NO;
				ENABLE_STRICT_OBJC_MSGSEND = YES;
				GCC_C_LANGUAGE_STANDARD = gnu11;
				GCC_NO_COMMON_BLOCKS = YES;
				GCC_WARN_64_TO_32_BIT_CONVERSION = YES;
				GCC_WARN_ABOUT_RETURN_TYPE = YES_ERROR;
				GCC_WARN_UNDECLARED_SELECTOR = YES;
				GCC_WARN_UNINITIALIZED_AUTOS = YES_AGGRESSIVE;
				GCC_WARN_UNUSED_FUNCTION = YES;
				GCC_WARN_UNUSED_VARIABLE = YES;
				IPHONEOS_DEPLOYMENT_TARGET = 13.2;
				MTL_ENABLE_DEBUG_INFO = NO;
				MTL_FAST_MATH = YES;
				SDKROOT = iphoneos;
				SWIFT_COMPILATION_MODE = wholemodule;
				SWIFT_OPTIMIZATION_LEVEL = "-O";
				VALIDATE_PRODUCT = YES;
			};
			name = Release;
		};
		B42693C523FDD595002FFF76 /* Debug */ = {
			isa = XCBuildConfiguration;
			buildSettings = {
				ASSETCATALOG_COMPILER_APPICON_NAME = AppIcon;
				CODE_SIGN_STYLE = Automatic;
				DEVELOPMENT_ASSET_PATHS = "\"Run Pace Calculator/Preview Content\"";
				DEVELOPMENT_TEAM = P95ME6DE55;
				ENABLE_PREVIEWS = YES;
				INFOPLIST_FILE = "Run Pace Calculator/Info.plist";
				IPHONEOS_DEPLOYMENT_TARGET = 13.4;
				LD_RUNPATH_SEARCH_PATHS = (
					"$(inherited)",
					"@executable_path/Frameworks",
				);
				PRODUCT_BUNDLE_IDENTIFIER = "me.roney.Run-Pace-Calculator";
				PRODUCT_NAME = "$(TARGET_NAME)";
				SWIFT_VERSION = 5.0;
				TARGETED_DEVICE_FAMILY = "1,2";
			};
			name = Debug;
		};
		B42693C623FDD595002FFF76 /* Release */ = {
			isa = XCBuildConfiguration;
			buildSettings = {
				ASSETCATALOG_COMPILER_APPICON_NAME = AppIcon;
				CODE_SIGN_STYLE = Automatic;
				DEVELOPMENT_ASSET_PATHS = "\"Run Pace Calculator/Preview Content\"";
				DEVELOPMENT_TEAM = P95ME6DE55;
				ENABLE_PREVIEWS = YES;
				INFOPLIST_FILE = "Run Pace Calculator/Info.plist";
				IPHONEOS_DEPLOYMENT_TARGET = 13.4;
				LD_RUNPATH_SEARCH_PATHS = (
					"$(inherited)",
					"@executable_path/Frameworks",
				);
				PRODUCT_BUNDLE_IDENTIFIER = "me.roney.Run-Pace-Calculator";
				PRODUCT_NAME = "$(TARGET_NAME)";
				SWIFT_VERSION = 5.0;
				TARGETED_DEVICE_FAMILY = "1,2";
			};
			name = Release;
		};
		B42693C823FDD595002FFF76 /* Debug */ = {
			isa = XCBuildConfiguration;
			buildSettings = {
				ALWAYS_EMBED_SWIFT_STANDARD_LIBRARIES = YES;
				BUNDLE_LOADER = "$(TEST_HOST)";
				CODE_SIGN_STYLE = Automatic;
				DEVELOPMENT_TEAM = P95ME6DE55;
				INFOPLIST_FILE = "Run Pace CalculatorTests/Info.plist";
				IPHONEOS_DEPLOYMENT_TARGET = 13.2;
				LD_RUNPATH_SEARCH_PATHS = (
					"$(inherited)",
					"@executable_path/Frameworks",
					"@loader_path/Frameworks",
				);
				PRODUCT_BUNDLE_IDENTIFIER = "me.roney.Run-Pace-CalculatorTests";
				PRODUCT_NAME = "$(TARGET_NAME)";
				SWIFT_VERSION = 5.0;
				TARGETED_DEVICE_FAMILY = "1,2";
				TEST_HOST = "$(BUILT_PRODUCTS_DIR)/Run Pace Calculator.app/Run Pace Calculator";
			};
			name = Debug;
		};
		B42693C923FDD595002FFF76 /* Release */ = {
			isa = XCBuildConfiguration;
			buildSettings = {
				ALWAYS_EMBED_SWIFT_STANDARD_LIBRARIES = YES;
				BUNDLE_LOADER = "$(TEST_HOST)";
				CODE_SIGN_STYLE = Automatic;
				DEVELOPMENT_TEAM = P95ME6DE55;
				INFOPLIST_FILE = "Run Pace CalculatorTests/Info.plist";
				IPHONEOS_DEPLOYMENT_TARGET = 13.2;
				LD_RUNPATH_SEARCH_PATHS = (
					"$(inherited)",
					"@executable_path/Frameworks",
					"@loader_path/Frameworks",
				);
				PRODUCT_BUNDLE_IDENTIFIER = "me.roney.Run-Pace-CalculatorTests";
				PRODUCT_NAME = "$(TARGET_NAME)";
				SWIFT_VERSION = 5.0;
				TARGETED_DEVICE_FAMILY = "1,2";
				TEST_HOST = "$(BUILT_PRODUCTS_DIR)/Run Pace Calculator.app/Run Pace Calculator";
			};
			name = Release;
		};
		B42693CB23FDD595002FFF76 /* Debug */ = {
			isa = XCBuildConfiguration;
			buildSettings = {
				ALWAYS_EMBED_SWIFT_STANDARD_LIBRARIES = YES;
				CODE_SIGN_STYLE = Automatic;
				DEVELOPMENT_TEAM = P95ME6DE55;
				INFOPLIST_FILE = "Run Pace CalculatorUITests/Info.plist";
				LD_RUNPATH_SEARCH_PATHS = (
					"$(inherited)",
					"@executable_path/Frameworks",
					"@loader_path/Frameworks",
				);
				PRODUCT_BUNDLE_IDENTIFIER = "me.roney.Run-Pace-CalculatorUITests";
				PRODUCT_NAME = "$(TARGET_NAME)";
				SWIFT_VERSION = 5.0;
				TARGETED_DEVICE_FAMILY = "1,2";
				TEST_TARGET_NAME = "Run Pace Calculator";
			};
			name = Debug;
		};
		B42693CC23FDD595002FFF76 /* Release */ = {
			isa = XCBuildConfiguration;
			buildSettings = {
				ALWAYS_EMBED_SWIFT_STANDARD_LIBRARIES = YES;
				CODE_SIGN_STYLE = Automatic;
				DEVELOPMENT_TEAM = P95ME6DE55;
				INFOPLIST_FILE = "Run Pace CalculatorUITests/Info.plist";
				LD_RUNPATH_SEARCH_PATHS = (
					"$(inherited)",
					"@executable_path/Frameworks",
					"@loader_path/Frameworks",
				);
				PRODUCT_BUNDLE_IDENTIFIER = "me.roney.Run-Pace-CalculatorUITests";
				PRODUCT_NAME = "$(TARGET_NAME)";
				SWIFT_VERSION = 5.0;
				TARGETED_DEVICE_FAMILY = "1,2";
				TEST_TARGET_NAME = "Run Pace Calculator";
			};
			name = Release;
		};
/* End XCBuildConfiguration section */

/* Begin XCConfigurationList section */
		B426939523FDD590002FFF76 /* Build configuration list for PBXProject "Run Pace Calculator" */ = {
			isa = XCConfigurationList;
			buildConfigurations = (
				B42693C223FDD595002FFF76 /* Debug */,
				B42693C323FDD595002FFF76 /* Release */,
			);
			defaultConfigurationIsVisible = 0;
			defaultConfigurationName = Release;
		};
		B42693C423FDD595002FFF76 /* Build configuration list for PBXNativeTarget "Run Pace Calculator" */ = {
			isa = XCConfigurationList;
			buildConfigurations = (
				B42693C523FDD595002FFF76 /* Debug */,
				B42693C623FDD595002FFF76 /* Release */,
			);
			defaultConfigurationIsVisible = 0;
			defaultConfigurationName = Release;
		};
		B42693C723FDD595002FFF76 /* Build configuration list for PBXNativeTarget "Run Pace CalculatorTests" */ = {
			isa = XCConfigurationList;
			buildConfigurations = (
				B42693C823FDD595002FFF76 /* Debug */,
				B42693C923FDD595002FFF76 /* Release */,
			);
			defaultConfigurationIsVisible = 0;
			defaultConfigurationName = Release;
		};
		B42693CA23FDD595002FFF76 /* Build configuration list for PBXNativeTarget "Run Pace CalculatorUITests" */ = {
			isa = XCConfigurationList;
			buildConfigurations = (
				B42693CB23FDD595002FFF76 /* Debug */,
				B42693CC23FDD595002FFF76 /* Release */,
			);
			defaultConfigurationIsVisible = 0;
			defaultConfigurationName = Release;
		};
/* End XCConfigurationList section */
	};
	rootObject = B426939223FDD590002FFF76 /* Project object */;
}
